
Microsoft Visual Studio Solution File, Format Version 12.00
# Visual Studio 14
VisualStudioVersion = 14.0.25420.1
MinimumVisualStudioVersion = 10.0.40219.1
Project("{FAE04EC0-301F-11D3-BF4B-00C04F79EFBC}") = "JenkinsTestApp", "JenkinsTestApp\JenkinsTestApp.csproj", "{3F10B1CE-148C-405A-9AFE-E367E841B8DB}"
EndProject
Project("{FAE04EC0-301F-11D3-BF4B-00C04F79EFBC}") = "Unittests.Tests", "Unittests.Tests\Unittests.Tests.csproj", "{D1EE16FC-E10D-486F-A13D-C05761D3FBC4}"
EndProject
Global
	GlobalSection(SolutionConfigurationPlatforms) = preSolution
		Debug|Any CPU = Debug|Any CPU
		Release|Any CPU = Release|Any CPU
	EndGlobalSection
	GlobalSection(ProjectConfigurationPlatforms) = postSolution
		{3F10B1CE-148C-405A-9AFE-E367E841B8DB}.Debug|Any CPU.ActiveCfg = Debug|Any CPU
		{3F10B1CE-148C-405A-9AFE-E367E841B8DB}.Debug|Any CPU.Build.0 = Debug|Any CPU
		{3F10B1CE-148C-405A-9AFE-E367E841B8DB}.Release|Any CPU.ActiveCfg = Release|Any CPU
		{3F10B1CE-148C-405A-9AFE-E367E841B8DB}.Release|Any CPU.Build.0 = Release|Any CPU
		{D1EE16FC-E10D-486F-A13D-C05761D3FBC4}.Debug|Any CPU.ActiveCfg = Debug|Any CPU
		{D1EE16FC-E10D-486F-A13D-C05761D3FBC4}.Debug|Any CPU.Build.0 = Debug|Any CPU
		{D1EE16FC-E10D-486F-A13D-C05761D3FBC4}.Release|Any CPU.ActiveCfg = Release|Any CPU
		{D1EE16FC-E10D-486F-A13D-C05761D3FBC4}.Release|Any CPU.Build.0 = Release|Any CPU
	EndGlobalSection
	GlobalSection(SolutionProperties) = preSolution
		HideSolutionNode = FALSE
	EndGlobalSection
EndGlobal
